// !$*UTF8*$!
{
	archiveVersion = 1;
	classes = {
	};
	objectVersion = 46;
	objects = {

/* Begin PBXBuildFile section */
		76A92C5A1DB1FCFF001C472C /* main.m in Sources */ = {isa = PBXBuildFile; fileRef = 76A92C591DB1FCFF001C472C /* main.m */; };
		76A92C5D1DB1FCFF001C472C /* AppDelegate.m in Sources */ = {isa = PBXBuildFile; fileRef = 76A92C5C1DB1FCFF001C472C /* AppDelegate.m */; };
		76A92C601DB1FCFF001C472C /* TMCollectionView.m in Sources */ = {isa = PBXBuildFile; fileRef = 76A92C5F1DB1FCFF001C472C /* TMCollectionView.m */; };
		76A92C651DB1FD00001C472C /* Assets.xcassets in Resources */ = {isa = PBXBuildFile; fileRef = 76A92C641DB1FCFF001C472C /* Assets.xcassets */; };
		76A92C681DB1FD00001C472C /* LaunchScreen.storyboard in Resources */ = {isa = PBXBuildFile; fileRef = 76A92C661DB1FD00001C472C /* LaunchScreen.storyboard */; };
		76A92C9D1DB90469001C472C /* TMImageCache.m in Sources */ = {isa = PBXBuildFile; fileRef = 76A92C9C1DB90469001C472C /* TMImageCache.m */; };
/* End PBXBuildFile section */

/* Begin PBXFileReference section */
		76A92C551DB1FCFF001C472C /* EmtiDrom.app */ = {isa = PBXFileReference; explicitFileType = wrapper.application; includeInIndex = 0; path = EmtiDrom.app; sourceTree = BUILT_PRODUCTS_DIR; };
		76A92C591DB1FCFF001C472C /* main.m */ = {isa = PBXFileReference; lastKnownFileType = sourcecode.c.objc; path = main.m; sourceTree = "<group>"; };
		76A92C5B1DB1FCFF001C472C /* AppDelegate.h */ = {isa = PBXFileReference; lastKnownFileType = sourcecode.c.h; path = AppDelegate.h; sourceTree = "<group>"; };
		76A92C5C1DB1FCFF001C472C /* AppDelegate.m */ = {isa = PBXFileReference; lastKnownFileType = sourcecode.c.objc; path = AppDelegate.m; sourceTree = "<group>"; };
		76A92C5E1DB1FCFF001C472C /* TMCollectionView.h */ = {isa = PBXFileReference; lastKnownFileType = sourcecode.c.h; path = TMCollectionView.h; sourceTree = "<group>"; };
		76A92C5F1DB1FCFF001C472C /* TMCollectionView.m */ = {isa = PBXFileReference; lastKnownFileType = sourcecode.c.objc; path = TMCollectionView.m; sourceTree = "<group>"; };
		76A92C641DB1FCFF001C472C /* Assets.xcassets */ = {isa = PBXFileReference; lastKnownFileType = folder.assetcatalog; path = Assets.xcassets; sourceTree = "<group>"; };
		76A92C671DB1FD00001C472C /* Base */ = {isa = PBXFileReference; lastKnownFileType = file.storyboard; name = Base; path = Base.lproj/LaunchScreen.storyboard; sourceTree = "<group>"; };
		76A92C691DB1FD00001C472C /* Info.plist */ = {isa = PBXFileReference; lastKnownFileType = text.plist.xml; path = Info.plist; sourceTree = "<group>"; };
		76A92C9B1DB90469001C472C /* TMImageCache.h */ = {isa = PBXFileReference; fileEncoding = 4; lastKnownFileType = sourcecode.c.h; path = TMImageCache.h; sourceTree = "<group>"; };
		76A92C9C1DB90469001C472C /* TMImageCache.m */ = {isa = PBXFileReference; fileEncoding = 4; lastKnownFileType = sourcecode.c.objc; path = TMImageCache.m; sourceTree = "<group>"; };
/* End PBXFileReference section */

/* Begin PBXFrameworksBuildPhase section */
		76A92C521DB1FCFF001C472C /* Frameworks */ = {
			isa = PBXFrameworksBuildPhase;
			buildActionMask = 2147483647;
			files = (
			);
			runOnlyForDeploymentPostprocessing = 0;
		};
/* End PBXFrameworksBuildPhase section */

/* Begin PBXGroup section */
		76A92C4C1DB1FCFF001C472C = {
			isa = PBXGroup;
			children = (
				76A92C571DB1FCFF001C472C /* EmtiDrom */,
				76A92C561DB1FCFF001C472C /* Products */,
			);
			sourceTree = "<group>";
		};
		76A92C561DB1FCFF001C472C /* Products */ = {
			isa = PBXGroup;
			children = (
				76A92C551DB1FCFF001C472C /* EmtiDrom.app */,
			);
			name = Products;
			sourceTree = "<group>";
		};
		76A92C571DB1FCFF001C472C /* EmtiDrom */ = {
			isa = PBXGroup;
			children = (
				76A92C5B1DB1FCFF001C472C /* AppDelegate.h */,
				76A92C5C1DB1FCFF001C472C /* AppDelegate.m */,
				76A92C5E1DB1FCFF001C472C /* TMCollectionView.h */,
				76A92C5F1DB1FCFF001C472C /* TMCollectionView.m */,
				76A92C641DB1FCFF001C472C /* Assets.xcassets */,
				76A92C661DB1FD00001C472C /* LaunchScreen.storyboard */,
				76A92C691DB1FD00001C472C /* Info.plist */,
				76A92C581DB1FCFF001C472C /* Supporting Files */,
				76A92C9B1DB90469001C472C /* TMImageCache.h */,
				76A92C9C1DB90469001C472C /* TMImageCache.m */,
			);
			path = EmtiDrom;
			sourceTree = "<group>";
		};
		76A92C581DB1FCFF001C472C /* Supporting Files */ = {
			isa = PBXGroup;
			children = (
				76A92C591DB1FCFF001C472C /* main.m */,
			);
			name = "Supporting Files";
			sourceTree = "<group>";
		};
/* End PBXGroup section */

/* Begin PBXNativeTarget section */
		76A92C541DB1FCFF001C472C /* EmtiDrom */ = {
			isa = PBXNativeTarget;
			buildConfigurationList = 76A92C6C1DB1FD00001C472C /* Build configuration list for PBXNativeTarget "EmtiDrom" */;
			buildPhases = (
				76A92C511DB1FCFF001C472C /* Sources */,
				76A92C521DB1FCFF001C472C /* Frameworks */,
				76A92C531DB1FCFF001C472C /* Resources */,
			);
			buildRules = (
			);
			dependencies = (
			);
			name = EmtiDrom;
			productName = EmtiDrom;
			productReference = 76A92C551DB1FCFF001C472C /* EmtiDrom.app */;
			productType = "com.apple.product-type.application";
		};
/* End PBXNativeTarget section */

/* Begin PBXProject section */
		76A92C4D1DB1FCFF001C472C /* Project object */ = {
			isa = PBXProject;
			attributes = {
				CLASSPREFIX = TM;
				LastUpgradeCheck = 0800;
				ORGANIZATIONNAME = "Тарас";
				TargetAttributes = {
					76A92C541DB1FCFF001C472C = {
						CreatedOnToolsVersion = 8.0;
						DevelopmentTeam = D82HCVQN26;
						ProvisioningStyle = Automatic;
					};
				};
			};
			buildConfigurationList = 76A92C501DB1FCFF001C472C /* Build configuration list for PBXProject "EmtiDrom" */;
			compatibilityVersion = "Xcode 3.2";
			developmentRegion = English;
			hasScannedForEncodings = 0;
			knownRegions = (
				en,
				Base,
			);
			mainGroup = 76A92C4C1DB1FCFF001C472C;
			productRefGroup = 76A92C561DB1FCFF001C472C /* Products */;
			projectDirPath = "";
			projectRoot = "";
			targets = (
				76A92C541DB1FCFF001C472C /* EmtiDrom */,
			);
		};
/* End PBXProject section */

/* Begin PBXResourcesBuildPhase section */
		76A92C531DB1FCFF001C472C /* Resources */ = {
			isa = PBXResourcesBuildPhase;
			buildActionMask = 2147483647;
			files = (
				76A92C681DB1FD00001C472C /* LaunchScreen.storyboard in Resources */,
				76A92C651DB1FD00001C472C /* Assets.xcassets in Resources */,
			);
			runOnlyForDeploymentPostprocessing = 0;
		};
/* End PBXResourcesBuildPhase section */

/* Begin PBXSourcesBuildPhase section */
		76A92C511DB1FCFF001C472C /* Sources */ = {
			isa = PBXSourcesBuildPhase;
			buildActionMask = 2147483647;
			files = (
				76A92C601DB1FCFF001C472C /* TMCollectionView.m in Sources */,
				76A92C9D1DB90469001C472C /* TMImageCache.m in Sources */,
				76A92C5D1DB1FCFF001C472C /* AppDelegate.m in Sources */,
				76A92C5A1DB1FCFF001C472C /* main.m in Sources */,
			);
			runOnlyForDeploymentPostprocessing = 0;
		};
/* End PBXSourcesBuildPhase section */

/* Begin PBXVariantGroup section */
		76A92C661DB1FD00001C472C /* LaunchScreen.storyboard */ = {
			isa = PBXVariantGroup;
			children = (
				76A92C671DB1FD00001C472C /* Base */,
			);
			name = LaunchScreen.storyboard;
			sourceTree = "<group>";
		};
/* End PBXVariantGroup section */

/* Begin XCBuildConfiguration section */
		76A92C6A1DB1FD00001C472C /* Debug */ = {
			isa = XCBuildConfiguration;
			buildSettings = {
				ALWAYS_SEARCH_USER_PATHS = NO;
				CLANG_ANALYZER_NONNULL = YES;
				CLANG_CXX_LANGUAGE_STANDARD = "gnu++0x";
				CLANG_CXX_LIBRARY = "libc++";
				CLANG_ENABLE_MODULES = YES;
				CLANG_ENABLE_OBJC_ARC = YES;
				CLANG_WARN_BOOL_CONVERSION = YES;
				CLANG_WARN_CONSTANT_CONVERSION = YES;
				CLANG_WARN_DIRECT_OBJC_ISA_USAGE = YES_ERROR;
				CLANG_WARN_DOCUMENTATION_COMMENTS = YES;
				CLANG_WARN_EMPTY_BODY = YES;
				CLANG_WARN_ENUM_CONVERSION = YES;
				CLANG_WARN_INFINITE_RECURSION = YES;
				CLANG_WARN_INT_CONVERSION = YES;
				CLANG_WARN_OBJC_ROOT_CLASS = YES_ERROR;
				CLANG_WARN_SUSPICIOUS_MOVES = YES;
				CLANG_WARN_UNREACHABLE_CODE = YES;
				CLANG_WARN__DUPLICATE_METHOD_MATCH = YES;
				"CODE_SIGN_IDENTITY[sdk=iphoneos*]" = "iPhone Developer";
				COPY_PHASE_STRIP = NO;
				DEBUG_INFORMATION_FORMAT = dwarf;
				ENABLE_STRICT_OBJC_MSGSEND = YES;
				ENABLE_TESTABILITY = YES;
				GCC_C_LANGUAGE_STANDARD = gnu99;
				GCC_DYNAMIC_NO_PIC = NO;
				GCC_NO_COMMON_BLOCKS = YES;
				GCC_OPTIMIZATION_LEVEL = 0;
				GCC_PREPROCESSOR_DEFINITIONS = (
					"DEBUG=1",
					"$(inherited)",
				);
				GCC_WARN_64_TO_32_BIT_CONVERSION = YES;
				GCC_WARN_ABOUT_RETURN_TYPE = YES_ERROR;
				GCC_WARN_UNDECLARED_SELECTOR = YES;
				GCC_WARN_UNINITIALIZED_AUTOS = YES_AGGRESSIVE;
				GCC_WARN_UNUSED_FUNCTION = YES;
				GCC_WARN_UNUSED_VARIABLE = YES;
				IPHONEOS_DEPLOYMENT_TARGET = 10.0;
				MTL_ENABLE_DEBUG_INFO = YES;
				ONLY_ACTIVE_ARCH = YES;
				SDKROOT = iphoneos;
				TARGETED_DEVICE_FAMILY = "1,2";
			};
			name = Debug;
		};
		76A92C6B1DB1FD00001C472C /* Release */ = {
			isa = XCBuildConfiguration;
			buildSettings = {
				ALWAYS_SEARCH_USER_PATHS = NO;
				CLANG_ANALYZER_NONNULL = YES;
				CLANG_CXX_LANGUAGE_STANDARD = "gnu++0x";
				CLANG_CXX_LIBRARY = "libc++";
				CLANG_ENABLE_MODULES = YES;
				CLANG_ENABLE_OBJC_ARC = YES;
				CLANG_WARN_BOOL_CONVERSION = YES;
				CLANG_WARN_CONSTANT_CONVERSION = YES;
				CLANG_WARN_DIRECT_OBJC_ISA_USAGE = YES_ERROR;
				CLANG_WARN_DOCUMENTATION_COMMENTS = YES;
				CLANG_WARN_EMPTY_BODY = YES;
				CLANG_WARN_ENUM_CONVERSION = YES;
				CLANG_WARN_INFINITE_RECURSION = YES;
				CLANG_WARN_INT_CONVERSION = YES;
				CLANG_WARN_OBJC_ROOT_CLASS = YES_ERROR;
				CLANG_WARN_SUSPICIOUS_MOVES = YES;
				CLANG_WARN_UNREACHABLE_CODE = YES;
				CLANG_WARN__DUPLICATE_METHOD_MATCH = YES;
				"CODE_SIGN_IDENTITY[sdk=iphoneos*]" = "iPhone Developer";
				COPY_PHASE_STRIP = NO;
				DEBUG_INFORMATION_FORMAT = "dwarf-with-dsym";
				ENABLE_NS_ASSERTIONS = NO;
				ENABLE_STRICT_OBJC_MSGSEND = YES;
				GCC_C_LANGUAGE_STANDARD = gnu99;
				GCC_NO_COMMON_BLOCKS = YES;
				GCC_WARN_64_TO_32_BIT_CONVERSION = YES;
				GCC_WARN_ABOUT_RETURN_TYPE = YES_ERROR;
				GCC_WARN_UNDECLARED_SELECTOR = YES;
				GCC_WARN_UNINITIALIZED_AUTOS = YES_AGGRESSIVE;
				GCC_WARN_UNUSED_FUNCTION = YES;
				GCC_WARN_UNUSED_VARIABLE = YES;
				IPHONEOS_DEPLOYMENT_TARGET = 10.0;
				MTL_ENABLE_DEBUG_INFO = NO;
				SDKROOT = iphoneos;
				TARGETED_DEVICE_FAMILY = "1,2";
				VALIDATE_PRODUCT = YES;
			};
			name = Release;
		};
		76A92C6D1DB1FD00001C472C /* Debug */ = {
			isa = XCBuildConfiguration;
			buildSettings = {
				ASSETCATALOG_COMPILER_APPICON_NAME = AppIcon;
				DEVELOPMENT_TEAM = D82HCVQN26;
				INFOPLIST_FILE = EmtiDrom/Info.plist;
				LD_RUNPATH_SEARCH_PATHS = "$(inherited) @executable_path/Frameworks";
				PRODUCT_BUNDLE_IDENTIFIER = TM.EmtiDrom;
				PRODUCT_NAME = "$(TARGET_NAME)";
				TARGETED_DEVICE_FAMILY = "1,2";
			};
			name = Debug;
		};
		76A92C6E1DB1FD00001C472C /* Release */ = {
			isa = XCBuildConfiguration;
			buildSettings = {
				ASSETCATALOG_COMPILER_APPICON_NAME = AppIcon;
				DEVELOPMENT_TEAM = D82HCVQN26;
				INFOPLIST_FILE = EmtiDrom/Info.plist;
				LD_RUNPATH_SEARCH_PATHS = "$(inherited) @executable_path/Frameworks";
				PRODUCT_BUNDLE_IDENTIFIER = TM.EmtiDrom;
				PRODUCT_NAME = "$(TARGET_NAME)";
				TARGETED_DEVICE_FAMILY = "1,2";
			};
			name = Release;
		};
/* End XCBuildConfiguration section */

/* Begin XCConfigurationList section */
		76A92C501DB1FCFF001C472C /* Build configuration list for PBXProject "EmtiDrom" */ = {
			isa = XCConfigurationList;
			buildConfigurations = (
				76A92C6A1DB1FD00001C472C /* Debug */,
				76A92C6B1DB1FD00001C472C /* Release */,
			);
			defaultConfigurationIsVisible = 0;
			defaultConfigurationName = Release;
		};
		76A92C6C1DB1FD00001C472C /* Build configuration list for PBXNativeTarget "EmtiDrom" */ = {
			isa = XCConfigurationList;
			buildConfigurations = (
				76A92C6D1DB1FD00001C472C /* Debug */,
				76A92C6E1DB1FD00001C472C /* Release */,
			);
			defaultConfigurationIsVisible = 0;
			defaultConfigurationName = Release;
		};
/* End XCConfigurationList section */
	};
	rootObject = 76A92C4D1DB1FCFF001C472C /* Project object */;
}
